
Microsoft Visual Studio Solution File, Format Version 10.00
# Visual C++ Express 2008
Project("{8BC9CEB8-8B4A-11D0-8D11-00A0C91BC942}") = "Library_hts_engine_API", "Library_hts_engine_API\Library_hts_engine_API.vcproj", "{9C3937E7-FCCC-4409-810F-09679E005F55}"
EndProject
Project("{8BC9CEB8-8B4A-11D0-8D11-00A0C91BC942}") = "Library_Open_JTalk", "Library_Open_JTalk\Library_Open_JTalk.vcproj", "{4F9912D2-556E-454E-B059-4987C4294085}"
	ProjectSection(ProjectDependencies) = postProject
		{9C3937E7-FCCC-4409-810F-09679E005F55} = {9C3937E7-FCCC-4409-810F-09679E005F55}
	EndProjectSection
EndProject
Project("{8BC9CEB8-8B4A-11D0-8D11-00A0C91BC942}") = "Plugin_Open_JTalk", "Plugin_Open_JTalk\Plugin_Open_JTalk.vcproj", "{BD637942-5AA4-44C5-8D95-2311380A736A}"
	ProjectSection(ProjectDependencies) = postProject
		{8F5C492B-1FDD-4FD5-8191-528A4A0A4D86} = {8F5C492B-1FDD-4FD5-8191-528A4A0A4D86}
		{4F9912D2-556E-454E-B059-4987C4294085} = {4F9912D2-556E-454E-B059-4987C4294085}
		{08C504D6-E965-4F03-983D-F89E61F6FDC3} = {08C504D6-E965-4F03-983D-F89E61F6FDC3}
		{9C3937E7-FCCC-4409-810F-09679E005F55} = {9C3937E7-FCCC-4409-810F-09679E005F55}
	EndProjectSection
EndProject
Project("{8BC9CEB8-8B4A-11D0-8D11-00A0C91BC942}") = "Library_Julius", "Library_Julius\Library_Julius.vcproj", "{69BD4615-4016-4990-B0A3-0EF1912C38FF}"
	ProjectSection(ProjectDependencies) = postProject
		{1B7312BB-67EF-4986-839F-F700955EC756} = {1B7312BB-67EF-4986-839F-F700955EC756}
		{DDB78FF6-EA31-41FD-8108-8DC0E065A961} = {DDB78FF6-EA31-41FD-8108-8DC0E065A961}
	EndProjectSection
EndProject
Project("{8BC9CEB8-8B4A-11D0-8D11-00A0C91BC942}") = "Plugin_Julius", "Plugin_Julius\Plugin_Julius.vcproj", "{770A6B08-1564-4732-A2BD-73FDFD64374B}"
	ProjectSection(ProjectDependencies) = postProject
		{69BD4615-4016-4990-B0A3-0EF1912C38FF} = {69BD4615-4016-4990-B0A3-0EF1912C38FF}
		{8F5C492B-1FDD-4FD5-8191-528A4A0A4D86} = {8F5C492B-1FDD-4FD5-8191-528A4A0A4D86}
		{1B7312BB-67EF-4986-839F-F700955EC756} = {1B7312BB-67EF-4986-839F-F700955EC756}
		{08C504D6-E965-4F03-983D-F89E61F6FDC3} = {08C504D6-E965-4F03-983D-F89E61F6FDC3}
		{DDB78FF6-EA31-41FD-8108-8DC0E065A961} = {DDB78FF6-EA31-41FD-8108-8DC0E065A961}
	EndProjectSection
EndProject
Project("{8BC9CEB8-8B4A-11D0-8D11-00A0C91BC942}") = "Library_MMDFiles", "Library_MMDFiles\Library_MMDFiles.vcproj", "{08C504D6-E965-4F03-983D-F89E61F6FDC3}"
	ProjectSection(ProjectDependencies) = postProject
		{35DE672D-05F0-41C1-BFE9-D6BBB3500666} = {35DE672D-05F0-41C1-BFE9-D6BBB3500666}
		{0446AF84-8C4A-4DB5-889C-440447944665} = {0446AF84-8C4A-4DB5-889C-440447944665}
		{704B8F90-75E4-48F0-B55A-FD4CAAD729FD} = {704B8F90-75E4-48F0-B55A-FD4CAAD729FD}
		{DDB78FF6-EA31-41FD-8108-8DC0E065A961} = {DDB78FF6-EA31-41FD-8108-8DC0E065A961}
		{18B2A3F8-7C0E-4F66-BDCD-53CFF00F897E} = {18B2A3F8-7C0E-4F66-BDCD-53CFF00F897E}
	EndProjectSection
EndProject
Project("{8BC9CEB8-8B4A-11D0-8D11-00A0C91BC942}") = "Plugin_VIManager", "Plugin_VIManager\Plugin_VIManager.vcproj", "{C3A2A5FF-B3B8-4533-BCD6-4AA5D4DCA0EC}"
	ProjectSection(ProjectDependencies) = postProject
		{8F5C492B-1FDD-4FD5-8191-528A4A0A4D86} = {8F5C492B-1FDD-4FD5-8191-528A4A0A4D86}
		{08C504D6-E965-4F03-983D-F89E61F6FDC3} = {08C504D6-E965-4F03-983D-F89E61F6FDC3}
	EndProjectSection
EndProject
Project("{8BC9CEB8-8B4A-11D0-8D11-00A0C91BC942}") = "Library_MMDAgent", "Library_MMDAgent\Library_MMDAgent.vcproj", "{8F5C492B-1FDD-4FD5-8191-528A4A0A4D86}"
	ProjectSection(ProjectDependencies) = postProject
		{4B60990D-DBAE-47A7-8779-B49A581B06B3} = {4B60990D-DBAE-47A7-8779-B49A581B06B3}
		{35DE672D-05F0-41C1-BFE9-D6BBB3500666} = {35DE672D-05F0-41C1-BFE9-D6BBB3500666}
		{0446AF84-8C4A-4DB5-889C-440447944665} = {0446AF84-8C4A-4DB5-889C-440447944665}
		{704B8F90-75E4-48F0-B55A-FD4CAAD729FD} = {704B8F90-75E4-48F0-B55A-FD4CAAD729FD}
		{08C504D6-E965-4F03-983D-F89E61F6FDC3} = {08C504D6-E965-4F03-983D-F89E61F6FDC3}
		{DDB78FF6-EA31-41FD-8108-8DC0E065A961} = {DDB78FF6-EA31-41FD-8108-8DC0E065A961}
		{18B2A3F8-7C0E-4F66-BDCD-53CFF00F897E} = {18B2A3F8-7C0E-4F66-BDCD-53CFF00F897E}
	EndProjectSection
EndProject
Project("{8BC9CEB8-8B4A-11D0-8D11-00A0C91BC942}") = "main", "main\main.vcproj", "{D2B29AFD-F6BB-4854-AAE2-6F41CCC87E34}"
	ProjectSection(ProjectDependencies) = postProject
		{8F5C492B-1FDD-4FD5-8191-528A4A0A4D86} = {8F5C492B-1FDD-4FD5-8191-528A4A0A4D86}
		{08C504D6-E965-4F03-983D-F89E61F6FDC3} = {08C504D6-E965-4F03-983D-F89E61F6FDC3}
	EndProjectSection
EndProject
Project("{8BC9CEB8-8B4A-11D0-8D11-00A0C91BC942}") = "Plugin_Audio", "Plugin_Audio\Plugin_Audio.vcproj", "{811BCAAF-9A56-4B92-80AE-8B660B984D1F}"
	ProjectSection(ProjectDependencies) = postProject
		{8F5C492B-1FDD-4FD5-8191-528A4A0A4D86} = {8F5C492B-1FDD-4FD5-8191-528A4A0A4D86}
		{08C504D6-E965-4F03-983D-F89E61F6FDC3} = {08C504D6-E965-4F03-983D-F89E61F6FDC3}
	EndProjectSection
EndProject
Project("{8BC9CEB8-8B4A-11D0-8D11-00A0C91BC942}") = "Plugin_LookAt", "Plugin_LookAt\Plugin_LookAt.vcproj", "{66B083C9-DB71-4B6C-ACF9-62FBA82BE6F8}"
	ProjectSection(ProjectDependencies) = postProject
		{8F5C492B-1FDD-4FD5-8191-528A4A0A4D86} = {8F5C492B-1FDD-4FD5-8191-528A4A0A4D86}
		{08C504D6-E965-4F03-983D-F89E61F6FDC3} = {08C504D6-E965-4F03-983D-F89E61F6FDC3}
	EndProjectSection
EndProject
Project("{8BC9CEB8-8B4A-11D0-8D11-00A0C91BC942}") = "Plugin_Variables", "Plugin_Variables\Plugin_Variables.vcproj", "{2CD4FB63-D85E-48B5-A12B-20A7A22DEB2A}"
	ProjectSection(ProjectDependencies) = postProject
		{8F5C492B-1FDD-4FD5-8191-528A4A0A4D86} = {8F5C492B-1FDD-4FD5-8191-528A4A0A4D86}
		{08C504D6-E965-4F03-983D-F89E61F6FDC3} = {08C504D6-E965-4F03-983D-F89E61F6FDC3}
	EndProjectSection
EndProject
Project("{8BC9CEB8-8B4A-11D0-8D11-00A0C91BC942}") = "Plugin_WindowController", "Plugin_WindowController\Plugin_WindowController.vcproj", "{2E674AE9-7978-4556-B718-CBA6C7F7AB7B}"
	ProjectSection(ProjectDependencies) = postProject
		{8F5C492B-1FDD-4FD5-8191-528A4A0A4D86} = {8F5C492B-1FDD-4FD5-8191-528A4A0A4D86}
		{08C504D6-E965-4F03-983D-F89E61F6FDC3} = {08C504D6-E965-4F03-983D-F89E61F6FDC3}
	EndProjectSection
EndProject
Project("{8BC9CEB8-8B4A-11D0-8D11-00A0C91BC942}") = "Library_GLFW", "Library_GLFW\Library_GLFW.vcproj", "{4B60990D-DBAE-47A7-8779-B49A581B06B3}"
EndProject
Project("{8BC9CEB8-8B4A-11D0-8D11-00A0C91BC942}") = "Library_Bullet_Physics", "Library_Bullet_Physics\Library_Bullet_Physics.vcproj", "{0446AF84-8C4A-4DB5-889C-440447944665}"
EndProject
Project("{8BC9CEB8-8B4A-11D0-8D11-00A0C91BC942}") = "Library_GLee", "Library_GLee\Library_GLee.vcproj", "{18B2A3F8-7C0E-4F66-BDCD-53CFF00F897E}"
EndProject
Project("{8BC9CEB8-8B4A-11D0-8D11-00A0C91BC942}") = "Library_JPEG", "Library_JPEG\Library_JPEG.vcproj", "{704B8F90-75E4-48F0-B55A-FD4CAAD729FD}"
EndProject
Project("{8BC9CEB8-8B4A-11D0-8D11-00A0C91BC942}") = "Library_libpng", "Library_libpng\Library_libpng.vcproj", "{35DE672D-05F0-41C1-BFE9-D6BBB3500666}"
	ProjectSection(ProjectDependencies) = postProject
		{DDB78FF6-EA31-41FD-8108-8DC0E065A961} = {DDB78FF6-EA31-41FD-8108-8DC0E065A961}
	EndProjectSection
EndProject
Project("{8BC9CEB8-8B4A-11D0-8D11-00A0C91BC942}") = "Library_PortAudio", "Library_PortAudio\Library_PortAudio.vcproj", "{1B7312BB-67EF-4986-839F-F700955EC756}"
EndProject
Project("{8BC9CEB8-8B4A-11D0-8D11-00A0C91BC942}") = "Library_zlib", "Library_zlib\Library_zlib.vcproj", "{DDB78FF6-EA31-41FD-8108-8DC0E065A961}"
EndProject
Global
	GlobalSection(SolutionConfigurationPlatforms) = preSolution
		Debug|Win32 = Debug|Win32
		Release|Win32 = Release|Win32
	EndGlobalSection
	GlobalSection(ProjectConfigurationPlatforms) = postSolution
		{9C3937E7-FCCC-4409-810F-09679E005F55}.Debug|Win32.ActiveCfg = Debug|Win32
		{9C3937E7-FCCC-4409-810F-09679E005F55}.Debug|Win32.Build.0 = Debug|Win32
		{9C3937E7-FCCC-4409-810F-09679E005F55}.Release|Win32.ActiveCfg = Release|Win32
		{9C3937E7-FCCC-4409-810F-09679E005F55}.Release|Win32.Build.0 = Release|Win32
		{4F9912D2-556E-454E-B059-4987C4294085}.Debug|Win32.ActiveCfg = Debug|Win32
		{4F9912D2-556E-454E-B059-4987C4294085}.Debug|Win32.Build.0 = Debug|Win32
		{4F9912D2-556E-454E-B059-4987C4294085}.Release|Win32.ActiveCfg = Release|Win32
		{4F9912D2-556E-454E-B059-4987C4294085}.Release|Win32.Build.0 = Release|Win32
		{BD637942-5AA4-44C5-8D95-2311380A736A}.Debug|Win32.ActiveCfg = Debug|Win32
		{BD637942-5AA4-44C5-8D95-2311380A736A}.Debug|Win32.Build.0 = Debug|Win32
		{BD637942-5AA4-44C5-8D95-2311380A736A}.Release|Win32.ActiveCfg = Release|Win32
		{BD637942-5AA4-44C5-8D95-2311380A736A}.Release|Win32.Build.0 = Release|Win32
		{69BD4615-4016-4990-B0A3-0EF1912C38FF}.Debug|Win32.ActiveCfg = Debug|Win32
		{69BD4615-4016-4990-B0A3-0EF1912C38FF}.Debug|Win32.Build.0 = Debug|Win32
		{69BD4615-4016-4990-B0A3-0EF1912C38FF}.Release|Win32.ActiveCfg = Release|Win32
		{69BD4615-4016-4990-B0A3-0EF1912C38FF}.Release|Win32.Build.0 = Release|Win32
		{770A6B08-1564-4732-A2BD-73FDFD64374B}.Debug|Win32.ActiveCfg = Debug|Win32
		{770A6B08-1564-4732-A2BD-73FDFD64374B}.Debug|Win32.Build.0 = Debug|Win32
		{770A6B08-1564-4732-A2BD-73FDFD64374B}.Release|Win32.ActiveCfg = Release|Win32
		{770A6B08-1564-4732-A2BD-73FDFD64374B}.Release|Win32.Build.0 = Release|Win32
		{08C504D6-E965-4F03-983D-F89E61F6FDC3}.Debug|Win32.ActiveCfg = Debug|Win32
		{08C504D6-E965-4F03-983D-F89E61F6FDC3}.Debug|Win32.Build.0 = Debug|Win32
		{08C504D6-E965-4F03-983D-F89E61F6FDC3}.Release|Win32.ActiveCfg = Release|Win32
		{08C504D6-E965-4F03-983D-F89E61F6FDC3}.Release|Win32.Build.0 = Release|Win32
		{C3A2A5FF-B3B8-4533-BCD6-4AA5D4DCA0EC}.Debug|Win32.ActiveCfg = Debug|Win32
		{C3A2A5FF-B3B8-4533-BCD6-4AA5D4DCA0EC}.Debug|Win32.Build.0 = Debug|Win32
		{C3A2A5FF-B3B8-4533-BCD6-4AA5D4DCA0EC}.Release|Win32.ActiveCfg = Release|Win32
		{C3A2A5FF-B3B8-4533-BCD6-4AA5D4DCA0EC}.Release|Win32.Build.0 = Release|Win32
		{8F5C492B-1FDD-4FD5-8191-528A4A0A4D86}.Debug|Win32.ActiveCfg = Debug|Win32
		{8F5C492B-1FDD-4FD5-8191-528A4A0A4D86}.Debug|Win32.Build.0 = Debug|Win32
		{8F5C492B-1FDD-4FD5-8191-528A4A0A4D86}.Release|Win32.ActiveCfg = Release|Win32
		{8F5C492B-1FDD-4FD5-8191-528A4A0A4D86}.Release|Win32.Build.0 = Release|Win32
		{D2B29AFD-F6BB-4854-AAE2-6F41CCC87E34}.Debug|Win32.ActiveCfg = Debug|Win32
		{D2B29AFD-F6BB-4854-AAE2-6F41CCC87E34}.Debug|Win32.Build.0 = Debug|Win32
		{D2B29AFD-F6BB-4854-AAE2-6F41CCC87E34}.Release|Win32.ActiveCfg = Release|Win32
		{D2B29AFD-F6BB-4854-AAE2-6F41CCC87E34}.Release|Win32.Build.0 = Release|Win32
		{811BCAAF-9A56-4B92-80AE-8B660B984D1F}.Debug|Win32.ActiveCfg = Debug|Win32
		{811BCAAF-9A56-4B92-80AE-8B660B984D1F}.Debug|Win32.Build.0 = Debug|Win32
		{811BCAAF-9A56-4B92-80AE-8B660B984D1F}.Release|Win32.ActiveCfg = Release|Win32
		{811BCAAF-9A56-4B92-80AE-8B660B984D1F}.Release|Win32.Build.0 = Release|Win32
		{66B083C9-DB71-4B6C-ACF9-62FBA82BE6F8}.Debug|Win32.ActiveCfg = Debug|Win32
		{66B083C9-DB71-4B6C-ACF9-62FBA82BE6F8}.Debug|Win32.Build.0 = Debug|Win32
		{66B083C9-DB71-4B6C-ACF9-62FBA82BE6F8}.Release|Win32.ActiveCfg = Release|Win32
		{66B083C9-DB71-4B6C-ACF9-62FBA82BE6F8}.Release|Win32.Build.0 = Release|Win32
		{2CD4FB63-D85E-48B5-A12B-20A7A22DEB2A}.Debug|Win32.ActiveCfg = Debug|Win32
		{2CD4FB63-D85E-48B5-A12B-20A7A22DEB2A}.Debug|Win32.Build.0 = Debug|Win32
		{2CD4FB63-D85E-48B5-A12B-20A7A22DEB2A}.Release|Win32.ActiveCfg = Release|Win32
		{2CD4FB63-D85E-48B5-A12B-20A7A22DEB2A}.Release|Win32.Build.0 = Release|Win32
		{2E674AE9-7978-4556-B718-CBA6C7F7AB7B}.Debug|Win32.ActiveCfg = Debug|Win32
		{2E674AE9-7978-4556-B718-CBA6C7F7AB7B}.Debug|Win32.Build.0 = Debug|Win32
		{2E674AE9-7978-4556-B718-CBA6C7F7AB7B}.Release|Win32.ActiveCfg = Release|Win32
		{2E674AE9-7978-4556-B718-CBA6C7F7AB7B}.Release|Win32.Build.0 = Release|Win32
		{4B60990D-DBAE-47A7-8779-B49A581B06B3}.Debug|Win32.ActiveCfg = Debug|Win32
		{4B60990D-DBAE-47A7-8779-B49A581B06B3}.Debug|Win32.Build.0 = Debug|Win32
		{4B60990D-DBAE-47A7-8779-B49A581B06B3}.Release|Win32.ActiveCfg = Release|Win32
		{4B60990D-DBAE-47A7-8779-B49A581B06B3}.Release|Win32.Build.0 = Release|Win32
		{0446AF84-8C4A-4DB5-889C-440447944665}.Debug|Win32.ActiveCfg = Debug|Win32
		{0446AF84-8C4A-4DB5-889C-440447944665}.Debug|Win32.Build.0 = Debug|Win32
		{0446AF84-8C4A-4DB5-889C-440447944665}.Release|Win32.ActiveCfg = Release|Win32
		{0446AF84-8C4A-4DB5-889C-440447944665}.Release|Win32.Build.0 = Release|Win32
		{18B2A3F8-7C0E-4F66-BDCD-53CFF00F897E}.Debug|Win32.ActiveCfg = Debug|Win32
		{18B2A3F8-7C0E-4F66-BDCD-53CFF00F897E}.Debug|Win32.Build.0 = Debug|Win32
		{18B2A3F8-7C0E-4F66-BDCD-53CFF00F897E}.Release|Win32.ActiveCfg = Release|Win32
		{18B2A3F8-7C0E-4F66-BDCD-53CFF00F897E}.Release|Win32.Build.0 = Release|Win32
		{704B8F90-75E4-48F0-B55A-FD4CAAD729FD}.Debug|Win32.ActiveCfg = Debug|Win32
		{704B8F90-75E4-48F0-B55A-FD4CAAD729FD}.Debug|Win32.Build.0 = Debug|Win32
		{704B8F90-75E4-48F0-B55A-FD4CAAD729FD}.Release|Win32.ActiveCfg = Release|Win32
		{704B8F90-75E4-48F0-B55A-FD4CAAD729FD}.Release|Win32.Build.0 = Release|Win32
		{35DE672D-05F0-41C1-BFE9-D6BBB3500666}.Debug|Win32.ActiveCfg = Debug|Win32
		{35DE672D-05F0-41C1-BFE9-D6BBB3500666}.Debug|Win32.Build.0 = Debug|Win32
		{35DE672D-05F0-41C1-BFE9-D6BBB3500666}.Release|Win32.ActiveCfg = Release|Win32
		{35DE672D-05F0-41C1-BFE9-D6BBB3500666}.Release|Win32.Build.0 = Release|Win32
		{1B7312BB-67EF-4986-839F-F700955EC756}.Debug|Win32.ActiveCfg = Debug|Win32
		{1B7312BB-67EF-4986-839F-F700955EC756}.Debug|Win32.Build.0 = Debug|Win32
		{1B7312BB-67EF-4986-839F-F700955EC756}.Release|Win32.ActiveCfg = Release|Win32
		{1B7312BB-67EF-4986-839F-F700955EC756}.Release|Win32.Build.0 = Release|Win32
		{DDB78FF6-EA31-41FD-8108-8DC0E065A961}.Debug|Win32.ActiveCfg = Debug|Win32
		{DDB78FF6-EA31-41FD-8108-8DC0E065A961}.Debug|Win32.Build.0 = Debug|Win32
		{DDB78FF6-EA31-41FD-8108-8DC0E065A961}.Release|Win32.ActiveCfg = Release|Win32
		{DDB78FF6-EA31-41FD-8108-8DC0E065A961}.Release|Win32.Build.0 = Release|Win32
	EndGlobalSection
	GlobalSection(SolutionProperties) = preSolution
		HideSolutionNode = FALSE
	EndGlobalSection
EndGlobal
